
Microsoft Visual Studio Solution File, Format Version 12.00
# Visual Studio 2013
VisualStudioVersion = 12.0.21005.1
MinimumVisualStudioVersion = 10.0.40219.1
Project("{FAE04EC0-301F-11D3-BF4B-00C04F79EFBC}") = "测绘编程技术实验2-类封装", "测绘编程技术实验2-类封装\测绘编程技术实验2-类封装.csproj", "{B3DC78DA-EF6D-4A27-A242-F027DA1F0ED5}"
EndProject
Global
	GlobalSection(SolutionConfigurationPlatforms) = preSolution
		Debug|Any CPU = Debug|Any CPU
		Release|Any CPU = Release|Any CPU
	EndGlobalSection
	GlobalSection(ProjectConfigurationPlatforms) = postSolution
		{B3DC78DA-EF6D-4A27-A242-F027DA1F0ED5}.Debug|Any CPU.ActiveCfg = Debug|Any CPU
		{B3DC78DA-EF6D-4A27-A242-F027DA1F0ED5}.Debug|Any CPU.Build.0 = Debug|Any CPU
		{B3DC78DA-EF6D-4A27-A242-F027DA1F0ED5}.Release|Any CPU.ActiveCfg = Release|Any CPU
		{B3DC78DA-EF6D-4A27-A242-F027DA1F0ED5}.Release|Any CPU.Build.0 = Release|Any CPU
	EndGlobalSection
	GlobalSection(SolutionProperties) = preSolution
		HideSolutionNode = FALSE
	EndGlobalSection
EndGlobal
